
Microsoft Visual Studio Solution File, Format Version 12.00
# Visual Studio Version 16
VisualStudioVersion = 16.0.29201.188
MinimumVisualStudioVersion = 10.0.40219.1
Project("{FAE04EC0-301F-11D3-BF4B-00C04F79EFBC}") = "Semana10.Android", "Semana10\Semana10.Android\Semana10.Android.csproj", "{783914BF-DBB1-4645-AD2A-C5CF8329E050}"
EndProject
Project("{FAE04EC0-301F-11D3-BF4B-00C04F79EFBC}") = "Semana10.iOS", "Semana10\Semana10.iOS\Semana10.iOS.csproj", "{13E8824D-E7ED-4020-91A5-DFA2BAF8A3B2}"
EndProject
Project("{FAE04EC0-301F-11D3-BF4B-00C04F79EFBC}") = "Semana10", "Semana10\Semana10\Semana10.csproj", "{75C1FB6E-E29D-49A7-91B0-F809CB6FE05B}"
EndProject
Global
	GlobalSection(SolutionConfigurationPlatforms) = preSolution
		Debug|Any CPU = Debug|Any CPU
		Debug|iPhone = Debug|iPhone
		Debug|iPhoneSimulator = Debug|iPhoneSimulator
		Release|Any CPU = Release|Any CPU
		Release|iPhone = Release|iPhone
		Release|iPhoneSimulator = Release|iPhoneSimulator
	EndGlobalSection
	GlobalSection(ProjectConfigurationPlatforms) = postSolution
		{783914BF-DBB1-4645-AD2A-C5CF8329E050}.Debug|Any CPU.ActiveCfg = Debug|Any CPU
		{783914BF-DBB1-4645-AD2A-C5CF8329E050}.Debug|Any CPU.Build.0 = Debug|Any CPU
		{783914BF-DBB1-4645-AD2A-C5CF8329E050}.Debug|Any CPU.Deploy.0 = Debug|Any CPU
		{783914BF-DBB1-4645-AD2A-C5CF8329E050}.Debug|iPhone.ActiveCfg = Debug|Any CPU
		{783914BF-DBB1-4645-AD2A-C5CF8329E050}.Debug|iPhone.Build.0 = Debug|Any CPU
		{783914BF-DBB1-4645-AD2A-C5CF8329E050}.Debug|iPhone.Deploy.0 = Debug|Any CPU
		{783914BF-DBB1-4645-AD2A-C5CF8329E050}.Debug|iPhoneSimulator.ActiveCfg = Debug|Any CPU
		{783914BF-DBB1-4645-AD2A-C5CF8329E050}.Debug|iPhoneSimulator.Build.0 = Debug|Any CPU
		{783914BF-DBB1-4645-AD2A-C5CF8329E050}.Debug|iPhoneSimulator.Deploy.0 = Debug|Any CPU
		{783914BF-DBB1-4645-AD2A-C5CF8329E050}.Release|Any CPU.ActiveCfg = Release|Any CPU
		{783914BF-DBB1-4645-AD2A-C5CF8329E050}.Release|Any CPU.Build.0 = Release|Any CPU
		{783914BF-DBB1-4645-AD2A-C5CF8329E050}.Release|Any CPU.Deploy.0 = Release|Any CPU
		{783914BF-DBB1-4645-AD2A-C5CF8329E050}.Release|iPhone.ActiveCfg = Release|Any CPU
		{783914BF-DBB1-4645-AD2A-C5CF8329E050}.Release|iPhone.Build.0 = Release|Any CPU
		{783914BF-DBB1-4645-AD2A-C5CF8329E050}.Release|iPhone.Deploy.0 = Release|Any CPU
		{783914BF-DBB1-4645-AD2A-C5CF8329E050}.Release|iPhoneSimulator.ActiveCfg = Release|Any CPU
		{783914BF-DBB1-4645-AD2A-C5CF8329E050}.Release|iPhoneSimulator.Build.0 = Release|Any CPU
		{783914BF-DBB1-4645-AD2A-C5CF8329E050}.Release|iPhoneSimulator.Deploy.0 = Release|Any CPU
		{13E8824D-E7ED-4020-91A5-DFA2BAF8A3B2}.Debug|Any CPU.ActiveCfg = Debug|iPhoneSimulator
		{13E8824D-E7ED-4020-91A5-DFA2BAF8A3B2}.Debug|Any CPU.Build.0 = Debug|iPhoneSimulator
		{13E8824D-E7ED-4020-91A5-DFA2BAF8A3B2}.Debug|Any CPU.Deploy.0 = Debug|iPhoneSimulator
		{13E8824D-E7ED-4020-91A5-DFA2BAF8A3B2}.Debug|iPhone.ActiveCfg = Debug|iPhone
		{13E8824D-E7ED-4020-91A5-DFA2BAF8A3B2}.Debug|iPhone.Build.0 = Debug|iPhone
		{13E8824D-E7ED-4020-91A5-DFA2BAF8A3B2}.Debug|iPhone.Deploy.0 = Debug|iPhone
		{13E8824D-E7ED-4020-91A5-DFA2BAF8A3B2}.Debug|iPhoneSimulator.ActiveCfg = Debug|iPhoneSimulator
		{13E8824D-E7ED-4020-91A5-DFA2BAF8A3B2}.Debug|iPhoneSimulator.Build.0 = Debug|iPhoneSimulator
		{13E8824D-E7ED-4020-91A5-DFA2BAF8A3B2}.Debug|iPhoneSimulator.Deploy.0 = Debug|iPhoneSimulator
		{13E8824D-E7ED-4020-91A5-DFA2BAF8A3B2}.Release|Any CPU.ActiveCfg = Release|iPhone
		{13E8824D-E7ED-4020-91A5-DFA2BAF8A3B2}.Release|Any CPU.Build.0 = Release|iPhone
		{13E8824D-E7ED-4020-91A5-DFA2BAF8A3B2}.Release|Any CPU.Deploy.0 = Release|iPhone
		{13E8824D-E7ED-4020-91A5-DFA2BAF8A3B2}.Release|iPhone.ActiveCfg = Release|iPhone
		{13E8824D-E7ED-4020-91A5-DFA2BAF8A3B2}.Release|iPhone.Build.0 = Release|iPhone
		{13E8824D-E7ED-4020-91A5-DFA2BAF8A3B2}.Release|iPhone.Deploy.0 = Release|iPhone
		{13E8824D-E7ED-4020-91A5-DFA2BAF8A3B2}.Release|iPhoneSimulator.ActiveCfg = Release|iPhoneSimulator
		{13E8824D-E7ED-4020-91A5-DFA2BAF8A3B2}.Release|iPhoneSimulator.Build.0 = Release|iPhoneSimulator
		{13E8824D-E7ED-4020-91A5-DFA2BAF8A3B2}.Release|iPhoneSimulator.Deploy.0 = Release|iPhoneSimulator
		{75C1FB6E-E29D-49A7-91B0-F809CB6FE05B}.Debug|Any CPU.ActiveCfg = Debug|Any CPU
		{75C1FB6E-E29D-49A7-91B0-F809CB6FE05B}.Debug|Any CPU.Build.0 = Debug|Any CPU
		{75C1FB6E-E29D-49A7-91B0-F809CB6FE05B}.Debug|Any CPU.Deploy.0 = Debug|Any CPU
		{75C1FB6E-E29D-49A7-91B0-F809CB6FE05B}.Debug|iPhone.ActiveCfg = Debug|Any CPU
		{75C1FB6E-E29D-49A7-91B0-F809CB6FE05B}.Debug|iPhone.Build.0 = Debug|Any CPU
		{75C1FB6E-E29D-49A7-91B0-F809CB6FE05B}.Debug|iPhone.Deploy.0 = Debug|Any CPU
		{75C1FB6E-E29D-49A7-91B0-F809CB6FE05B}.Debug|iPhoneSimulator.ActiveCfg = Debug|Any CPU
		{75C1FB6E-E29D-49A7-91B0-F809CB6FE05B}.Debug|iPhoneSimulator.Build.0 = Debug|Any CPU
		{75C1FB6E-E29D-49A7-91B0-F809CB6FE05B}.Debug|iPhoneSimulator.Deploy.0 = Debug|Any CPU
		{75C1FB6E-E29D-49A7-91B0-F809CB6FE05B}.Release|Any CPU.ActiveCfg = Release|Any CPU
		{75C1FB6E-E29D-49A7-91B0-F809CB6FE05B}.Release|Any CPU.Build.0 = Release|Any CPU
		{75C1FB6E-E29D-49A7-91B0-F809CB6FE05B}.Release|Any CPU.Deploy.0 = Release|Any CPU
		{75C1FB6E-E29D-49A7-91B0-F809CB6FE05B}.Release|iPhone.ActiveCfg = Release|Any CPU
		{75C1FB6E-E29D-49A7-91B0-F809CB6FE05B}.Release|iPhone.Build.0 = Release|Any CPU
		{75C1FB6E-E29D-49A7-91B0-F809CB6FE05B}.Release|iPhone.Deploy.0 = Release|Any CPU
		{75C1FB6E-E29D-49A7-91B0-F809CB6FE05B}.Release|iPhoneSimulator.ActiveCfg = Release|Any CPU
		{75C1FB6E-E29D-49A7-91B0-F809CB6FE05B}.Release|iPhoneSimulator.Build.0 = Release|Any CPU
		{75C1FB6E-E29D-49A7-91B0-F809CB6FE05B}.Release|iPhoneSimulator.Deploy.0 = Release|Any CPU
	EndGlobalSection
	GlobalSection(SolutionProperties) = preSolution
		HideSolutionNode = FALSE
	EndGlobalSection
	GlobalSection(ExtensibilityGlobals) = postSolution
		SolutionGuid = {0E679A51-A7E1-4510-AC53-9C66BD504CD6}
	EndGlobalSection
EndGlobal
